
Microsoft Visual Studio Solution File, Format Version 12.00
# Visual Studio Version 17
VisualStudioVersion = 17.11.35303.130
MinimumVisualStudioVersion = 10.0.40219.1
Project("{888888A0-9F3D-457C-B088-3A5042F75D52}") = "Assessment3Automation", "Assessment3Automation\Assessment3Automation.pyproj", "{B5559EA4-ADB2-4BB3-BC26-AEAC8361BBA2}"
EndProject
Global
	GlobalSection(SolutionConfigurationPlatforms) = preSolution
		Debug|Any CPU = Debug|Any CPU
		Release|Any CPU = Release|Any CPU
	EndGlobalSection
	GlobalSection(ProjectConfigurationPlatforms) = postSolution
		{B5559EA4-ADB2-4BB3-BC26-AEAC8361BBA2}.Debug|Any CPU.ActiveCfg = Debug|Any CPU
		{B5559EA4-ADB2-4BB3-BC26-AEAC8361BBA2}.Release|Any CPU.ActiveCfg = Release|Any CPU
	EndGlobalSection
	GlobalSection(SolutionProperties) = preSolution
		HideSolutionNode = FALSE
	EndGlobalSection
	GlobalSection(ExtensibilityGlobals) = postSolution
		SolutionGuid = {43E91CF4-7094-44E9-A1EF-9D5845F92719}
	EndGlobalSection
EndGlobal
